{
  "name": "unifable",
  "lockfileVersion": 3,
  "requires": true,
  "packages": {
    "": {
      "dependencies": {
        "@jaredboynton/rtinfer": "^0.1.1"
      }
    },
    "node_modules/@jaredboynton/rtinfer": {
      "version": "0.1.1",
      "resolved": "https://registry.npmjs.org/@jaredboynton/rtinfer/-/rtinfer-0.1.1.tgz",
      "integrity": "sha512-UbvAq4HZEX3I6iZ8I7IbFXi88Rw9CyEjlfTBege6pt3hB8k7aDiinV7/JgqK3l2FgkuWLpJSO19xchxprESx1A==",
      "hasInstallScript": true,
      "license": "MIT",
      "bin": {
        "rtinferd": "bin/rtinferd.js"
      },
      "engines": {
        "node": ">=18.0.0"
      },
      "optionalDependencies": {
        "@jaredboynton/rtinfer-darwin-arm64": "0.1.1",
        "@jaredboynton/rtinfer-linux-arm64": "0.1.1"
      }
    },
    "node_modules/@jaredboynton/rtinfer-darwin-arm64": {
      "version": "0.1.1",
      "resolved": "https://registry.npmjs.org/@jaredboynton/rtinfer-darwin-arm64/-/rtinfer-darwin-arm64-0.1.1.tgz",
      "integrity": "sha512-g8p7ToC30BZuL5/36yAEnc4nnba4ZfzuwI8z8y24/8bains6y6zTZcGMTCgn2H/yUmMo0Yci7dfTYLX6o+LbAw==",
      "cpu": [
        "arm64"
      ],
      "license": "MIT",
      "optional": true,
      "os": [
        "darwin"
      ]
    },
    "node_modules/@jaredboynton/rtinfer-linux-arm64": {
      "version": "0.1.1",
      "resolved": "https://registry.npmjs.org/@jaredboynton/rtinfer-linux-arm64/-/rtinfer-linux-arm64-0.1.1.tgz",
      "integrity": "sha512-/m7L4e7c3no2np6r8eANOwQmaulE5ysBsqN7ZVdeuNAGHfYHi5cjkT8jxH1ir3gcKgEd/gy6HE6oSHqjH+Z5Jw==",
      "cpu": [
        "arm64"
      ],
      "license": "MIT",
      "optional": true,
      "os": [
        "linux"
      ]
    }
  }
}
